
Microsoft Visual Studio Solution File, Format Version 12.00
# Visual Studio Version 17
VisualStudioVersion = 17.5.002.0
MinimumVisualStudioVersion = 10.0.40219.1
Project("{2150E333-8FDC-42A3-9474-1A3956D46DE8}") = "lesson1", "lesson1", "{4E5A82EE-9955-4BAF-9740-F6070F62A643}"
EndProject
Project("{9A19103F-16F7-4668-BE54-9A1E7A4F7556}") = "homework1", "lesson1\homework1\homework1.csproj", "{2E6010CF-79AE-436F-805E-FA99DD478FC2}"
EndProject
Project("{9A19103F-16F7-4668-BE54-9A1E7A4F7556}") = "task1", "lesson1\Task1\task1.csproj", "{D09F1455-E97D-443B-92B2-CC16D76AB50D}"
EndProject
Project("{9A19103F-16F7-4668-BE54-9A1E7A4F7556}") = "task2", "lesson1\Task2\task2.csproj", "{44862917-CE3C-4F2E-BFCC-B29532E428DF}"
EndProject
Project("{9A19103F-16F7-4668-BE54-9A1E7A4F7556}") = "Task3", "lesson1\Task3\Task3.csproj", "{2D4455F6-E543-435C-AEB0-AB58CCC2651C}"
EndProject
Project("{9A19103F-16F7-4668-BE54-9A1E7A4F7556}") = "Task4", "lesson1\Task4\Task4.csproj", "{E670B2B0-40BB-4382-BC3C-9BE428765504}"
EndProject
Project("{9A19103F-16F7-4668-BE54-9A1E7A4F7556}") = "Task5", "lesson1\Task5\Task5.csproj", "{B1AF51DF-4A69-488A-8608-DF2E12E69D4C}"
EndProject
Project("{2150E333-8FDC-42A3-9474-1A3956D46DE8}") = "seminar1", "seminar1", "{F0C7C631-7C99-4D9F-A534-95B64921A296}"
EndProject
Project("{9A19103F-16F7-4668-BE54-9A1E7A4F7556}") = "Task1", "seminar1\Task1\Task1.csproj", "{8BA0D456-0AC0-4A5A-9B98-79E25D4A1F8B}"
EndProject
Global
	GlobalSection(SolutionConfigurationPlatforms) = preSolution
		Debug|Any CPU = Debug|Any CPU
		Release|Any CPU = Release|Any CPU
	EndGlobalSection
	GlobalSection(ProjectConfigurationPlatforms) = postSolution
		{2E6010CF-79AE-436F-805E-FA99DD478FC2}.Debug|Any CPU.ActiveCfg = Debug|Any CPU
		{2E6010CF-79AE-436F-805E-FA99DD478FC2}.Debug|Any CPU.Build.0 = Debug|Any CPU
		{2E6010CF-79AE-436F-805E-FA99DD478FC2}.Release|Any CPU.ActiveCfg = Release|Any CPU
		{2E6010CF-79AE-436F-805E-FA99DD478FC2}.Release|Any CPU.Build.0 = Release|Any CPU
		{D09F1455-E97D-443B-92B2-CC16D76AB50D}.Debug|Any CPU.ActiveCfg = Debug|Any CPU
		{D09F1455-E97D-443B-92B2-CC16D76AB50D}.Debug|Any CPU.Build.0 = Debug|Any CPU
		{D09F1455-E97D-443B-92B2-CC16D76AB50D}.Release|Any CPU.ActiveCfg = Release|Any CPU
		{D09F1455-E97D-443B-92B2-CC16D76AB50D}.Release|Any CPU.Build.0 = Release|Any CPU
		{44862917-CE3C-4F2E-BFCC-B29532E428DF}.Debug|Any CPU.ActiveCfg = Debug|Any CPU
		{44862917-CE3C-4F2E-BFCC-B29532E428DF}.Debug|Any CPU.Build.0 = Debug|Any CPU
		{44862917-CE3C-4F2E-BFCC-B29532E428DF}.Release|Any CPU.ActiveCfg = Release|Any CPU
		{44862917-CE3C-4F2E-BFCC-B29532E428DF}.Release|Any CPU.Build.0 = Release|Any CPU
		{2D4455F6-E543-435C-AEB0-AB58CCC2651C}.Debug|Any CPU.ActiveCfg = Debug|Any CPU
		{2D4455F6-E543-435C-AEB0-AB58CCC2651C}.Debug|Any CPU.Build.0 = Debug|Any CPU
		{2D4455F6-E543-435C-AEB0-AB58CCC2651C}.Release|Any CPU.ActiveCfg = Release|Any CPU
		{2D4455F6-E543-435C-AEB0-AB58CCC2651C}.Release|Any CPU.Build.0 = Release|Any CPU
		{E670B2B0-40BB-4382-BC3C-9BE428765504}.Debug|Any CPU.ActiveCfg = Debug|Any CPU
		{E670B2B0-40BB-4382-BC3C-9BE428765504}.Debug|Any CPU.Build.0 = Debug|Any CPU
		{E670B2B0-40BB-4382-BC3C-9BE428765504}.Release|Any CPU.ActiveCfg = Release|Any CPU
		{E670B2B0-40BB-4382-BC3C-9BE428765504}.Release|Any CPU.Build.0 = Release|Any CPU
		{B1AF51DF-4A69-488A-8608-DF2E12E69D4C}.Debug|Any CPU.ActiveCfg = Debug|Any CPU
		{B1AF51DF-4A69-488A-8608-DF2E12E69D4C}.Debug|Any CPU.Build.0 = Debug|Any CPU
		{B1AF51DF-4A69-488A-8608-DF2E12E69D4C}.Release|Any CPU.ActiveCfg = Release|Any CPU
		{B1AF51DF-4A69-488A-8608-DF2E12E69D4C}.Release|Any CPU.Build.0 = Release|Any CPU
		{8BA0D456-0AC0-4A5A-9B98-79E25D4A1F8B}.Debug|Any CPU.ActiveCfg = Debug|Any CPU
		{8BA0D456-0AC0-4A5A-9B98-79E25D4A1F8B}.Debug|Any CPU.Build.0 = Debug|Any CPU
		{8BA0D456-0AC0-4A5A-9B98-79E25D4A1F8B}.Release|Any CPU.ActiveCfg = Release|Any CPU
		{8BA0D456-0AC0-4A5A-9B98-79E25D4A1F8B}.Release|Any CPU.Build.0 = Release|Any CPU
	EndGlobalSection
	GlobalSection(SolutionProperties) = preSolution
		HideSolutionNode = FALSE
	EndGlobalSection
	GlobalSection(NestedProjects) = preSolution
		{2E6010CF-79AE-436F-805E-FA99DD478FC2} = {4E5A82EE-9955-4BAF-9740-F6070F62A643}
		{D09F1455-E97D-443B-92B2-CC16D76AB50D} = {4E5A82EE-9955-4BAF-9740-F6070F62A643}
		{44862917-CE3C-4F2E-BFCC-B29532E428DF} = {4E5A82EE-9955-4BAF-9740-F6070F62A643}
		{2D4455F6-E543-435C-AEB0-AB58CCC2651C} = {4E5A82EE-9955-4BAF-9740-F6070F62A643}
		{E670B2B0-40BB-4382-BC3C-9BE428765504} = {4E5A82EE-9955-4BAF-9740-F6070F62A643}
		{B1AF51DF-4A69-488A-8608-DF2E12E69D4C} = {4E5A82EE-9955-4BAF-9740-F6070F62A643}
		{8BA0D456-0AC0-4A5A-9B98-79E25D4A1F8B} = {F0C7C631-7C99-4D9F-A534-95B64921A296}
	EndGlobalSection
	GlobalSection(ExtensibilityGlobals) = postSolution
		SolutionGuid = {8F659C24-0A87-4DE4-AF33-8EEFD71D6E34}
	EndGlobalSection
EndGlobal
