
Microsoft Visual Studio Solution File, Format Version 12.00
# Visual Studio Version 17
VisualStudioVersion = 17.5.002.0
MinimumVisualStudioVersion = 10.0.40219.1
Project("{9A19103F-16F7-4668-BE54-9A1E7A4F7556}") = "Task1", "Task1\Task1.csproj", "{1B25069E-9013-418D-9B78-9D001654815A}"
EndProject
Project("{9A19103F-16F7-4668-BE54-9A1E7A4F7556}") = "Task2", "Task2\Task2.csproj", "{6D086227-53FD-4C1B-850C-3274FBDDF0C9}"
EndProject
Project("{9A19103F-16F7-4668-BE54-9A1E7A4F7556}") = "Task3", "Task3\Task3.csproj", "{DB85F9CC-4CD3-45EF-87A5-FED1DCF7BF32}"
EndProject
Project("{9A19103F-16F7-4668-BE54-9A1E7A4F7556}") = "Task4", "Task4\Task4.csproj", "{2249C727-5DE1-4919-A761-EB061C186895}"
EndProject
Global
	GlobalSection(SolutionConfigurationPlatforms) = preSolution
		Debug|Any CPU = Debug|Any CPU
		Release|Any CPU = Release|Any CPU
	EndGlobalSection
	GlobalSection(ProjectConfigurationPlatforms) = postSolution
		{1B25069E-9013-418D-9B78-9D001654815A}.Debug|Any CPU.ActiveCfg = Debug|Any CPU
		{1B25069E-9013-418D-9B78-9D001654815A}.Debug|Any CPU.Build.0 = Debug|Any CPU
		{1B25069E-9013-418D-9B78-9D001654815A}.Release|Any CPU.ActiveCfg = Release|Any CPU
		{1B25069E-9013-418D-9B78-9D001654815A}.Release|Any CPU.Build.0 = Release|Any CPU
		{6D086227-53FD-4C1B-850C-3274FBDDF0C9}.Debug|Any CPU.ActiveCfg = Debug|Any CPU
		{6D086227-53FD-4C1B-850C-3274FBDDF0C9}.Debug|Any CPU.Build.0 = Debug|Any CPU
		{6D086227-53FD-4C1B-850C-3274FBDDF0C9}.Release|Any CPU.ActiveCfg = Release|Any CPU
		{6D086227-53FD-4C1B-850C-3274FBDDF0C9}.Release|Any CPU.Build.0 = Release|Any CPU
		{DB85F9CC-4CD3-45EF-87A5-FED1DCF7BF32}.Debug|Any CPU.ActiveCfg = Debug|Any CPU
		{DB85F9CC-4CD3-45EF-87A5-FED1DCF7BF32}.Debug|Any CPU.Build.0 = Debug|Any CPU
		{DB85F9CC-4CD3-45EF-87A5-FED1DCF7BF32}.Release|Any CPU.ActiveCfg = Release|Any CPU
		{DB85F9CC-4CD3-45EF-87A5-FED1DCF7BF32}.Release|Any CPU.Build.0 = Release|Any CPU
		{2249C727-5DE1-4919-A761-EB061C186895}.Debug|Any CPU.ActiveCfg = Debug|Any CPU
		{2249C727-5DE1-4919-A761-EB061C186895}.Debug|Any CPU.Build.0 = Debug|Any CPU
		{2249C727-5DE1-4919-A761-EB061C186895}.Release|Any CPU.ActiveCfg = Release|Any CPU
		{2249C727-5DE1-4919-A761-EB061C186895}.Release|Any CPU.Build.0 = Release|Any CPU
	EndGlobalSection
	GlobalSection(SolutionProperties) = preSolution
		HideSolutionNode = FALSE
	EndGlobalSection
	GlobalSection(ExtensibilityGlobals) = postSolution
		SolutionGuid = {DF4D2332-A89C-4446-A4BE-CCF9A510A6BD}
	EndGlobalSection
EndGlobal
